
Microsoft Visual Studio Solution File, Format Version 12.00
# Visual Studio Version 16
VisualStudioVersion = 16.0.31515.178
MinimumVisualStudioVersion = 10.0.40219.1
Project("{FAE04EC0-301F-11D3-BF4B-00C04F79EFBC}") = "sample-keycloak-mvc", "sample-keycloak-mvc\sample-keycloak-mvc.csproj", "{464009B3-C663-42A8-AA41-4F88FA2D9FE5}"
EndProject
Global
	GlobalSection(SolutionConfigurationPlatforms) = preSolution
		Debug|Any CPU = Debug|Any CPU
		Release|Any CPU = Release|Any CPU
	EndGlobalSection
	GlobalSection(ProjectConfigurationPlatforms) = postSolution
		{464009B3-C663-42A8-AA41-4F88FA2D9FE5}.Debug|Any CPU.ActiveCfg = Debug|Any CPU
		{464009B3-C663-42A8-AA41-4F88FA2D9FE5}.Debug|Any CPU.Build.0 = Debug|Any CPU
		{464009B3-C663-42A8-AA41-4F88FA2D9FE5}.Release|Any CPU.ActiveCfg = Release|Any CPU
		{464009B3-C663-42A8-AA41-4F88FA2D9FE5}.Release|Any CPU.Build.0 = Release|Any CPU
	EndGlobalSection
	GlobalSection(SolutionProperties) = preSolution
		HideSolutionNode = FALSE
	EndGlobalSection
	GlobalSection(ExtensibilityGlobals) = postSolution
		SolutionGuid = {90DDF2ED-3C6E-4D86-A62F-3446A5466A24}
	EndGlobalSection
EndGlobal
